
Microsoft Visual Studio Solution File, Format Version 12.00
# Visual Studio Version 16
VisualStudioVersion = 16.0.33027.164
MinimumVisualStudioVersion = 10.0.40219.1
Project("{FAE04EC0-301F-11D3-BF4B-00C04F79EFBC}") = "TrioTestApp", "TrioTestApp\TrioTestApp.csproj", "{A0CF18B3-FC5A-4D46-8111-DC6765A986AA}"
EndProject
Global
	GlobalSection(SolutionConfigurationPlatforms) = preSolution
		Debug|Any CPU = Debug|Any CPU
		Release|Any CPU = Release|Any CPU
	EndGlobalSection
	GlobalSection(ProjectConfigurationPlatforms) = postSolution
		{A0CF18B3-FC5A-4D46-8111-DC6765A986AA}.Debug|Any CPU.ActiveCfg = Debug|Any CPU
		{A0CF18B3-FC5A-4D46-8111-DC6765A986AA}.Debug|Any CPU.Build.0 = Debug|Any CPU
		{A0CF18B3-FC5A-4D46-8111-DC6765A986AA}.Release|Any CPU.ActiveCfg = Release|Any CPU
		{A0CF18B3-FC5A-4D46-8111-DC6765A986AA}.Release|Any CPU.Build.0 = Release|Any CPU
	EndGlobalSection
	GlobalSection(SolutionProperties) = preSolution
		HideSolutionNode = FALSE
	EndGlobalSection
	GlobalSection(ExtensibilityGlobals) = postSolution
		SolutionGuid = {BDA5043A-34A2-4CAC-BB40-32EC826E077C}
	EndGlobalSection
EndGlobal
